
Microsoft Visual Studio Solution File, Format Version 12.00
# Visual Studio Version 16
VisualStudioVersion = 16.0.32002.261
MinimumVisualStudioVersion = 10.0.40219.1
Project("{FAE04EC0-301F-11D3-BF4B-00C04F79EFBC}") = "UserList.UWP", "UserList\UserList.UWP\UserList.UWP.csproj", "{9EBF6380-97F5-4552-952D-0EA84478AC78}"
EndProject
Project("{FAE04EC0-301F-11D3-BF4B-00C04F79EFBC}") = "UserList.Android", "UserList\UserList.Android\UserList.Android.csproj", "{17521586-B332-4C6C-BDEC-086160681FCF}"
EndProject
Project("{FAE04EC0-301F-11D3-BF4B-00C04F79EFBC}") = "UserList.iOS", "UserList\UserList.iOS\UserList.iOS.csproj", "{C0A6681A-1A30-41F1-B496-6C3397B04009}"
EndProject
Project("{FAE04EC0-301F-11D3-BF4B-00C04F79EFBC}") = "UserList", "UserList\UserList\UserList.csproj", "{DE45DB8D-9F1E-4F29-B2DF-6F6DB3C12C02}"
EndProject
Global
	GlobalSection(SolutionConfigurationPlatforms) = preSolution
		Debug|Any CPU = Debug|Any CPU
		Debug|ARM = Debug|ARM
		Debug|iPhone = Debug|iPhone
		Debug|iPhoneSimulator = Debug|iPhoneSimulator
		Debug|x64 = Debug|x64
		Debug|x86 = Debug|x86
		Release|Any CPU = Release|Any CPU
		Release|ARM = Release|ARM
		Release|iPhone = Release|iPhone
		Release|iPhoneSimulator = Release|iPhoneSimulator
		Release|x64 = Release|x64
		Release|x86 = Release|x86
	EndGlobalSection
	GlobalSection(ProjectConfigurationPlatforms) = postSolution
		{9EBF6380-97F5-4552-952D-0EA84478AC78}.Debug|Any CPU.ActiveCfg = Debug|x86
		{9EBF6380-97F5-4552-952D-0EA84478AC78}.Debug|Any CPU.Build.0 = Debug|x86
		{9EBF6380-97F5-4552-952D-0EA84478AC78}.Debug|Any CPU.Deploy.0 = Debug|x86
		{9EBF6380-97F5-4552-952D-0EA84478AC78}.Debug|ARM.ActiveCfg = Debug|ARM
		{9EBF6380-97F5-4552-952D-0EA84478AC78}.Debug|ARM.Build.0 = Debug|ARM
		{9EBF6380-97F5-4552-952D-0EA84478AC78}.Debug|ARM.Deploy.0 = Debug|ARM
		{9EBF6380-97F5-4552-952D-0EA84478AC78}.Debug|iPhone.ActiveCfg = Debug|x86
		{9EBF6380-97F5-4552-952D-0EA84478AC78}.Debug|iPhone.Build.0 = Debug|x86
		{9EBF6380-97F5-4552-952D-0EA84478AC78}.Debug|iPhone.Deploy.0 = Debug|x86
		{9EBF6380-97F5-4552-952D-0EA84478AC78}.Debug|iPhoneSimulator.ActiveCfg = Debug|x86
		{9EBF6380-97F5-4552-952D-0EA84478AC78}.Debug|iPhoneSimulator.Build.0 = Debug|x86
		{9EBF6380-97F5-4552-952D-0EA84478AC78}.Debug|iPhoneSimulator.Deploy.0 = Debug|x86
		{9EBF6380-97F5-4552-952D-0EA84478AC78}.Debug|x64.ActiveCfg = Debug|x64
		{9EBF6380-97F5-4552-952D-0EA84478AC78}.Debug|x64.Build.0 = Debug|x64
		{9EBF6380-97F5-4552-952D-0EA84478AC78}.Debug|x64.Deploy.0 = Debug|x64
		{9EBF6380-97F5-4552-952D-0EA84478AC78}.Debug|x86.ActiveCfg = Debug|x86
		{9EBF6380-97F5-4552-952D-0EA84478AC78}.Debug|x86.Build.0 = Debug|x86
		{9EBF6380-97F5-4552-952D-0EA84478AC78}.Debug|x86.Deploy.0 = Debug|x86
		{9EBF6380-97F5-4552-952D-0EA84478AC78}.Release|Any CPU.ActiveCfg = Release|x86
		{9EBF6380-97F5-4552-952D-0EA84478AC78}.Release|Any CPU.Build.0 = Release|x86
		{9EBF6380-97F5-4552-952D-0EA84478AC78}.Release|Any CPU.Deploy.0 = Release|x86
		{9EBF6380-97F5-4552-952D-0EA84478AC78}.Release|ARM.ActiveCfg = Release|ARM
		{9EBF6380-97F5-4552-952D-0EA84478AC78}.Release|ARM.Build.0 = Release|ARM
		{9EBF6380-97F5-4552-952D-0EA84478AC78}.Release|ARM.Deploy.0 = Release|ARM
		{9EBF6380-97F5-4552-952D-0EA84478AC78}.Release|iPhone.ActiveCfg = Release|x86
		{9EBF6380-97F5-4552-952D-0EA84478AC78}.Release|iPhone.Build.0 = Release|x86
		{9EBF6380-97F5-4552-952D-0EA84478AC78}.Release|iPhone.Deploy.0 = Release|x86
		{9EBF6380-97F5-4552-952D-0EA84478AC78}.Release|iPhoneSimulator.ActiveCfg = Release|x86
		{9EBF6380-97F5-4552-952D-0EA84478AC78}.Release|iPhoneSimulator.Build.0 = Release|x86
		{9EBF6380-97F5-4552-952D-0EA84478AC78}.Release|iPhoneSimulator.Deploy.0 = Release|x86
		{9EBF6380-97F5-4552-952D-0EA84478AC78}.Release|x64.ActiveCfg = Release|x64
		{9EBF6380-97F5-4552-952D-0EA84478AC78}.Release|x64.Build.0 = Release|x64
		{9EBF6380-97F5-4552-952D-0EA84478AC78}.Release|x64.Deploy.0 = Release|x64
		{9EBF6380-97F5-4552-952D-0EA84478AC78}.Release|x86.ActiveCfg = Release|x86
		{9EBF6380-97F5-4552-952D-0EA84478AC78}.Release|x86.Build.0 = Release|x86
		{9EBF6380-97F5-4552-952D-0EA84478AC78}.Release|x86.Deploy.0 = Release|x86
		{17521586-B332-4C6C-BDEC-086160681FCF}.Debug|Any CPU.ActiveCfg = Debug|Any CPU
		{17521586-B332-4C6C-BDEC-086160681FCF}.Debug|Any CPU.Build.0 = Debug|Any CPU
		{17521586-B332-4C6C-BDEC-086160681FCF}.Debug|Any CPU.Deploy.0 = Debug|Any CPU
		{17521586-B332-4C6C-BDEC-086160681FCF}.Debug|ARM.ActiveCfg = Debug|Any CPU
		{17521586-B332-4C6C-BDEC-086160681FCF}.Debug|ARM.Build.0 = Debug|Any CPU
		{17521586-B332-4C6C-BDEC-086160681FCF}.Debug|ARM.Deploy.0 = Debug|Any CPU
		{17521586-B332-4C6C-BDEC-086160681FCF}.Debug|iPhone.ActiveCfg = Debug|Any CPU
		{17521586-B332-4C6C-BDEC-086160681FCF}.Debug|iPhone.Build.0 = Debug|Any CPU
		{17521586-B332-4C6C-BDEC-086160681FCF}.Debug|iPhone.Deploy.0 = Debug|Any CPU
		{17521586-B332-4C6C-BDEC-086160681FCF}.Debug|iPhoneSimulator.ActiveCfg = Debug|Any CPU
		{17521586-B332-4C6C-BDEC-086160681FCF}.Debug|iPhoneSimulator.Build.0 = Debug|Any CPU
		{17521586-B332-4C6C-BDEC-086160681FCF}.Debug|iPhoneSimulator.Deploy.0 = Debug|Any CPU
		{17521586-B332-4C6C-BDEC-086160681FCF}.Debug|x64.ActiveCfg = Debug|Any CPU
		{17521586-B332-4C6C-BDEC-086160681FCF}.Debug|x64.Build.0 = Debug|Any CPU
		{17521586-B332-4C6C-BDEC-086160681FCF}.Debug|x64.Deploy.0 = Debug|Any CPU
		{17521586-B332-4C6C-BDEC-086160681FCF}.Debug|x86.ActiveCfg = Debug|Any CPU
		{17521586-B332-4C6C-BDEC-086160681FCF}.Debug|x86.Build.0 = Debug|Any CPU
		{17521586-B332-4C6C-BDEC-086160681FCF}.Debug|x86.Deploy.0 = Debug|Any CPU
		{17521586-B332-4C6C-BDEC-086160681FCF}.Release|Any CPU.ActiveCfg = Release|Any CPU
		{17521586-B332-4C6C-BDEC-086160681FCF}.Release|Any CPU.Build.0 = Release|Any CPU
		{17521586-B332-4C6C-BDEC-086160681FCF}.Release|Any CPU.Deploy.0 = Release|Any CPU
		{17521586-B332-4C6C-BDEC-086160681FCF}.Release|ARM.ActiveCfg = Release|Any CPU
		{17521586-B332-4C6C-BDEC-086160681FCF}.Release|ARM.Build.0 = Release|Any CPU
		{17521586-B332-4C6C-BDEC-086160681FCF}.Release|ARM.Deploy.0 = Release|Any CPU
		{17521586-B332-4C6C-BDEC-086160681FCF}.Release|iPhone.ActiveCfg = Release|Any CPU
		{17521586-B332-4C6C-BDEC-086160681FCF}.Release|iPhone.Build.0 = Release|Any CPU
		{17521586-B332-4C6C-BDEC-086160681FCF}.Release|iPhone.Deploy.0 = Release|Any CPU
		{17521586-B332-4C6C-BDEC-086160681FCF}.Release|iPhoneSimulator.ActiveCfg = Release|Any CPU
		{17521586-B332-4C6C-BDEC-086160681FCF}.Release|iPhoneSimulator.Build.0 = Release|Any CPU
		{17521586-B332-4C6C-BDEC-086160681FCF}.Release|iPhoneSimulator.Deploy.0 = Release|Any CPU
		{17521586-B332-4C6C-BDEC-086160681FCF}.Release|x64.ActiveCfg = Release|Any CPU
		{17521586-B332-4C6C-BDEC-086160681FCF}.Release|x64.Build.0 = Release|Any CPU
		{17521586-B332-4C6C-BDEC-086160681FCF}.Release|x64.Deploy.0 = Release|Any CPU
		{17521586-B332-4C6C-BDEC-086160681FCF}.Release|x86.ActiveCfg = Release|Any CPU
		{17521586-B332-4C6C-BDEC-086160681FCF}.Release|x86.Build.0 = Release|Any CPU
		{17521586-B332-4C6C-BDEC-086160681FCF}.Release|x86.Deploy.0 = Release|Any CPU
		{C0A6681A-1A30-41F1-B496-6C3397B04009}.Debug|Any CPU.ActiveCfg = Debug|iPhoneSimulator
		{C0A6681A-1A30-41F1-B496-6C3397B04009}.Debug|Any CPU.Build.0 = Debug|iPhoneSimulator
		{C0A6681A-1A30-41F1-B496-6C3397B04009}.Debug|Any CPU.Deploy.0 = Debug|iPhoneSimulator
		{C0A6681A-1A30-41F1-B496-6C3397B04009}.Debug|ARM.ActiveCfg = Debug|iPhone
		{C0A6681A-1A30-41F1-B496-6C3397B04009}.Debug|ARM.Build.0 = Debug|iPhone
		{C0A6681A-1A30-41F1-B496-6C3397B04009}.Debug|ARM.Deploy.0 = Debug|iPhone
		{C0A6681A-1A30-41F1-B496-6C3397B04009}.Debug|iPhone.ActiveCfg = Debug|iPhone
		{C0A6681A-1A30-41F1-B496-6C3397B04009}.Debug|iPhone.Build.0 = Debug|iPhone
		{C0A6681A-1A30-41F1-B496-6C3397B04009}.Debug|iPhone.Deploy.0 = Debug|iPhone
		{C0A6681A-1A30-41F1-B496-6C3397B04009}.Debug|iPhoneSimulator.ActiveCfg = Debug|iPhoneSimulator
		{C0A6681A-1A30-41F1-B496-6C3397B04009}.Debug|iPhoneSimulator.Build.0 = Debug|iPhoneSimulator
		{C0A6681A-1A30-41F1-B496-6C3397B04009}.Debug|iPhoneSimulator.Deploy.0 = Debug|iPhoneSimulator
		{C0A6681A-1A30-41F1-B496-6C3397B04009}.Debug|x64.ActiveCfg = Debug|iPhoneSimulator
		{C0A6681A-1A30-41F1-B496-6C3397B04009}.Debug|x64.Build.0 = Debug|iPhoneSimulator
		{C0A6681A-1A30-41F1-B496-6C3397B04009}.Debug|x64.Deploy.0 = Debug|iPhoneSimulator
		{C0A6681A-1A30-41F1-B496-6C3397B04009}.Debug|x86.ActiveCfg = Debug|iPhoneSimulator
		{C0A6681A-1A30-41F1-B496-6C3397B04009}.Debug|x86.Build.0 = Debug|iPhoneSimulator
		{C0A6681A-1A30-41F1-B496-6C3397B04009}.Debug|x86.Deploy.0 = Debug|iPhoneSimulator
		{C0A6681A-1A30-41F1-B496-6C3397B04009}.Release|Any CPU.ActiveCfg = Release|iPhoneSimulator
		{C0A6681A-1A30-41F1-B496-6C3397B04009}.Release|Any CPU.Build.0 = Release|iPhoneSimulator
		{C0A6681A-1A30-41F1-B496-6C3397B04009}.Release|Any CPU.Deploy.0 = Release|iPhoneSimulator
		{C0A6681A-1A30-41F1-B496-6C3397B04009}.Release|ARM.ActiveCfg = Release|iPhoneSimulator
		{C0A6681A-1A30-41F1-B496-6C3397B04009}.Release|ARM.Build.0 = Release|iPhoneSimulator
		{C0A6681A-1A30-41F1-B496-6C3397B04009}.Release|ARM.Deploy.0 = Release|iPhoneSimulator
		{C0A6681A-1A30-41F1-B496-6C3397B04009}.Release|iPhone.ActiveCfg = Release|iPhone
		{C0A6681A-1A30-41F1-B496-6C3397B04009}.Release|iPhone.Build.0 = Release|iPhone
		{C0A6681A-1A30-41F1-B496-6C3397B04009}.Release|iPhone.Deploy.0 = Release|iPhone
		{C0A6681A-1A30-41F1-B496-6C3397B04009}.Release|iPhoneSimulator.ActiveCfg = Release|iPhoneSimulator
		{C0A6681A-1A30-41F1-B496-6C3397B04009}.Release|iPhoneSimulator.Build.0 = Release|iPhoneSimulator
		{C0A6681A-1A30-41F1-B496-6C3397B04009}.Release|iPhoneSimulator.Deploy.0 = Release|iPhoneSimulator
		{C0A6681A-1A30-41F1-B496-6C3397B04009}.Release|x64.ActiveCfg = Release|iPhoneSimulator
		{C0A6681A-1A30-41F1-B496-6C3397B04009}.Release|x64.Build.0 = Release|iPhoneSimulator
		{C0A6681A-1A30-41F1-B496-6C3397B04009}.Release|x64.Deploy.0 = Release|iPhoneSimulator
		{C0A6681A-1A30-41F1-B496-6C3397B04009}.Release|x86.ActiveCfg = Release|iPhoneSimulator
		{C0A6681A-1A30-41F1-B496-6C3397B04009}.Release|x86.Build.0 = Release|iPhoneSimulator
		{C0A6681A-1A30-41F1-B496-6C3397B04009}.Release|x86.Deploy.0 = Release|iPhoneSimulator
		{DE45DB8D-9F1E-4F29-B2DF-6F6DB3C12C02}.Debug|Any CPU.ActiveCfg = Debug|Any CPU
		{DE45DB8D-9F1E-4F29-B2DF-6F6DB3C12C02}.Debug|Any CPU.Build.0 = Debug|Any CPU
		{DE45DB8D-9F1E-4F29-B2DF-6F6DB3C12C02}.Debug|Any CPU.Deploy.0 = Debug|Any CPU
		{DE45DB8D-9F1E-4F29-B2DF-6F6DB3C12C02}.Debug|ARM.ActiveCfg = Debug|Any CPU
		{DE45DB8D-9F1E-4F29-B2DF-6F6DB3C12C02}.Debug|ARM.Build.0 = Debug|Any CPU
		{DE45DB8D-9F1E-4F29-B2DF-6F6DB3C12C02}.Debug|ARM.Deploy.0 = Debug|Any CPU
		{DE45DB8D-9F1E-4F29-B2DF-6F6DB3C12C02}.Debug|iPhone.ActiveCfg = Debug|Any CPU
		{DE45DB8D-9F1E-4F29-B2DF-6F6DB3C12C02}.Debug|iPhone.Build.0 = Debug|Any CPU
		{DE45DB8D-9F1E-4F29-B2DF-6F6DB3C12C02}.Debug|iPhone.Deploy.0 = Debug|Any CPU
		{DE45DB8D-9F1E-4F29-B2DF-6F6DB3C12C02}.Debug|iPhoneSimulator.ActiveCfg = Debug|Any CPU
		{DE45DB8D-9F1E-4F29-B2DF-6F6DB3C12C02}.Debug|iPhoneSimulator.Build.0 = Debug|Any CPU
		{DE45DB8D-9F1E-4F29-B2DF-6F6DB3C12C02}.Debug|iPhoneSimulator.Deploy.0 = Debug|Any CPU
		{DE45DB8D-9F1E-4F29-B2DF-6F6DB3C12C02}.Debug|x64.ActiveCfg = Debug|Any CPU
		{DE45DB8D-9F1E-4F29-B2DF-6F6DB3C12C02}.Debug|x64.Build.0 = Debug|Any CPU
		{DE45DB8D-9F1E-4F29-B2DF-6F6DB3C12C02}.Debug|x64.Deploy.0 = Debug|Any CPU
		{DE45DB8D-9F1E-4F29-B2DF-6F6DB3C12C02}.Debug|x86.ActiveCfg = Debug|Any CPU
		{DE45DB8D-9F1E-4F29-B2DF-6F6DB3C12C02}.Debug|x86.Build.0 = Debug|Any CPU
		{DE45DB8D-9F1E-4F29-B2DF-6F6DB3C12C02}.Debug|x86.Deploy.0 = Debug|Any CPU
		{DE45DB8D-9F1E-4F29-B2DF-6F6DB3C12C02}.Release|Any CPU.ActiveCfg = Release|Any CPU
		{DE45DB8D-9F1E-4F29-B2DF-6F6DB3C12C02}.Release|Any CPU.Build.0 = Release|Any CPU
		{DE45DB8D-9F1E-4F29-B2DF-6F6DB3C12C02}.Release|Any CPU.Deploy.0 = Release|Any CPU
		{DE45DB8D-9F1E-4F29-B2DF-6F6DB3C12C02}.Release|ARM.ActiveCfg = Release|Any CPU
		{DE45DB8D-9F1E-4F29-B2DF-6F6DB3C12C02}.Release|ARM.Build.0 = Release|Any CPU
		{DE45DB8D-9F1E-4F29-B2DF-6F6DB3C12C02}.Release|ARM.Deploy.0 = Release|Any CPU
		{DE45DB8D-9F1E-4F29-B2DF-6F6DB3C12C02}.Release|iPhone.ActiveCfg = Release|Any CPU
		{DE45DB8D-9F1E-4F29-B2DF-6F6DB3C12C02}.Release|iPhone.Build.0 = Release|Any CPU
		{DE45DB8D-9F1E-4F29-B2DF-6F6DB3C12C02}.Release|iPhone.Deploy.0 = Release|Any CPU
		{DE45DB8D-9F1E-4F29-B2DF-6F6DB3C12C02}.Release|iPhoneSimulator.ActiveCfg = Release|Any CPU
		{DE45DB8D-9F1E-4F29-B2DF-6F6DB3C12C02}.Release|iPhoneSimulator.Build.0 = Release|Any CPU
		{DE45DB8D-9F1E-4F29-B2DF-6F6DB3C12C02}.Release|iPhoneSimulator.Deploy.0 = Release|Any CPU
		{DE45DB8D-9F1E-4F29-B2DF-6F6DB3C12C02}.Release|x64.ActiveCfg = Release|Any CPU
		{DE45DB8D-9F1E-4F29-B2DF-6F6DB3C12C02}.Release|x64.Build.0 = Release|Any CPU
		{DE45DB8D-9F1E-4F29-B2DF-6F6DB3C12C02}.Release|x64.Deploy.0 = Release|Any CPU
		{DE45DB8D-9F1E-4F29-B2DF-6F6DB3C12C02}.Release|x86.ActiveCfg = Release|Any CPU
		{DE45DB8D-9F1E-4F29-B2DF-6F6DB3C12C02}.Release|x86.Build.0 = Release|Any CPU
		{DE45DB8D-9F1E-4F29-B2DF-6F6DB3C12C02}.Release|x86.Deploy.0 = Release|Any CPU
	EndGlobalSection
	GlobalSection(SolutionProperties) = preSolution
		HideSolutionNode = FALSE
	EndGlobalSection
	GlobalSection(ExtensibilityGlobals) = postSolution
		SolutionGuid = {FA1875BC-E76B-4D24-95FC-8E7945DEA1D4}
	EndGlobalSection
EndGlobal
